
Microsoft Visual Studio Solution File, Format Version 12.00
# Visual Studio Version 17
VisualStudioVersion = 17.9.34723.18
MinimumVisualStudioVersion = 10.0.40219.1
Project("{FAE04EC0-301F-11D3-BF4B-00C04F79EFBC}") = "ChatApp.Client", "ChatApp.Client\ChatApp.Client.csproj", "{281B411C-D7E6-4AA8-9A40-1433D8BDEB5C}"
EndProject
Project("{FAE04EC0-301F-11D3-BF4B-00C04F79EFBC}") = "ChatApp.Server", "ChatApp.Server\ChatApp.Server.csproj", "{9194D504-4DE7-42D4-83C0-7BEEE03B41B7}"
EndProject
Project("{FAE04EC0-301F-11D3-BF4B-00C04F79EFBC}") = "ChatApp.Shared", "ChatApp.Shared\ChatApp.Shared.csproj", "{895CFDC0-A90D-4114-AC76-092FCD045E69}"
EndProject
Global
	GlobalSection(SolutionConfigurationPlatforms) = preSolution
		Debug|Any CPU = Debug|Any CPU
		Release|Any CPU = Release|Any CPU
	EndGlobalSection
	GlobalSection(ProjectConfigurationPlatforms) = postSolution
		{281B411C-D7E6-4AA8-9A40-1433D8BDEB5C}.Debug|Any CPU.ActiveCfg = Debug|Any CPU
		{281B411C-D7E6-4AA8-9A40-1433D8BDEB5C}.Debug|Any CPU.Build.0 = Debug|Any CPU
		{281B411C-D7E6-4AA8-9A40-1433D8BDEB5C}.Release|Any CPU.ActiveCfg = Release|Any CPU
		{281B411C-D7E6-4AA8-9A40-1433D8BDEB5C}.Release|Any CPU.Build.0 = Release|Any CPU
		{9194D504-4DE7-42D4-83C0-7BEEE03B41B7}.Debug|Any CPU.ActiveCfg = Debug|Any CPU
		{9194D504-4DE7-42D4-83C0-7BEEE03B41B7}.Debug|Any CPU.Build.0 = Debug|Any CPU
		{9194D504-4DE7-42D4-83C0-7BEEE03B41B7}.Release|Any CPU.ActiveCfg = Release|Any CPU
		{9194D504-4DE7-42D4-83C0-7BEEE03B41B7}.Release|Any CPU.Build.0 = Release|Any CPU
		{895CFDC0-A90D-4114-AC76-092FCD045E69}.Debug|Any CPU.ActiveCfg = Debug|Any CPU
		{895CFDC0-A90D-4114-AC76-092FCD045E69}.Debug|Any CPU.Build.0 = Debug|Any CPU
		{895CFDC0-A90D-4114-AC76-092FCD045E69}.Release|Any CPU.ActiveCfg = Release|Any CPU
		{895CFDC0-A90D-4114-AC76-092FCD045E69}.Release|Any CPU.Build.0 = Release|Any CPU
	EndGlobalSection
	GlobalSection(SolutionProperties) = preSolution
		HideSolutionNode = FALSE
	EndGlobalSection
	GlobalSection(ExtensibilityGlobals) = postSolution
		SolutionGuid = {03035F8E-9664-4C78-A315-BB52A23A52CD}
	EndGlobalSection
EndGlobal
